
Microsoft Visual Studio Solution File, Format Version 12.00
# Visual Studio Version 17
VisualStudioVersion = 17.8.34330.188
MinimumVisualStudioVersion = 10.0.40219.1
Project("{FAE04EC0-301F-11D3-BF4B-00C04F79EFBC}") = "school_form", "school_form.csproj", "{C90BDC59-0B94-4C31-9011-397628998DC8}"
EndProject
Global
	GlobalSection(SolutionConfigurationPlatforms) = preSolution
		Debug|Any CPU = Debug|Any CPU
		Release|Any CPU = Release|Any CPU
	EndGlobalSection
	GlobalSection(ProjectConfigurationPlatforms) = postSolution
		{C90BDC59-0B94-4C31-9011-397628998DC8}.Debug|Any CPU.ActiveCfg = Debug|Any CPU
		{C90BDC59-0B94-4C31-9011-397628998DC8}.Debug|Any CPU.Build.0 = Debug|Any CPU
		{C90BDC59-0B94-4C31-9011-397628998DC8}.Release|Any CPU.ActiveCfg = Release|Any CPU
		{C90BDC59-0B94-4C31-9011-397628998DC8}.Release|Any CPU.Build.0 = Release|Any CPU
	EndGlobalSection
	GlobalSection(SolutionProperties) = preSolution
		HideSolutionNode = FALSE
	EndGlobalSection
	GlobalSection(ExtensibilityGlobals) = postSolution
		SolutionGuid = {DA4D30A1-7219-41C0-BF30-439182ACBBF0}
	EndGlobalSection
EndGlobal
